Microsoft Visual Studio Solution File, Format Version 12.00
# Visual Studio Version 17
VisualStudioVersion = 17.5.2.0
MinimumVisualStudioVersion = 10.0.40219.1
Project("{FAE04EC0-301F-11D3-BF4B-00C04F79EFBC}") = "TsalaBackend", "TsalaBackend.csproj", "{1850C31C-AEC9-DE8D-5EFE-9EEE164D0C27}"
EndProject
Global
	GlobalSection(SolutionConfigurationPlatforms) = preSolution
		Debug|Any CPU = Debug|Any CPU
		Release|Any CPU = Release|Any CPU
	EndGlobalSection
	GlobalSection(ProjectConfigurationPlatforms) = postSolution
		{1850C31C-AEC9-DE8D-5EFE-9EEE164D0C27}.Debug|Any CPU.ActiveCfg = Debug|Any CPU
		{1850C31C-AEC9-DE8D-5EFE-9EEE164D0C27}.Debug|Any CPU.Build.0 = Debug|Any CPU
		{1850C31C-AEC9-DE8D-5EFE-9EEE164D0C27}.Release|Any CPU.ActiveCfg = Release|Any CPU
		{1850C31C-AEC9-DE8D-5EFE-9EEE164D0C27}.Release|Any CPU.Build.0 = Release|Any CPU
	EndGlobalSection
	GlobalSection(SolutionProperties) = preSolution
		HideSolutionNode = FALSE
	EndGlobalSection
	GlobalSection(ExtensibilityGlobals) = postSolution
		SolutionGuid = {794A3765-C60D-4D55-A2F1-E65EB5C55955}
	EndGlobalSection
EndGlobal
